# generated by rye
# use `rye lock` or `rye sync` to update this lockfile
#
# last locked with the following flags:
#   pre: false
#   features: []
#   all-features: false
#   with-sources: false

-e file:.
absl-py==2.1.0
    # via array-record
    # via chex
    # via etils
    # via keras
    # via optax
    # via orbax-checkpoint
    # via tensorboard
    # via tensorflow-cpu
    # via tensorflow-datasets
    # via tensorflow-metadata
array-record==0.5.1
    # via tensorflow-datasets
astunparse==1.6.3
    # via tensorflow-cpu
augmax==0.3.4
    # via cobra
black==24.10.0
    # via cobra
certifi==2022.12.7
    # via requests
    # via sentry-sdk
charset-normalizer==2.1.1
    # via requests
chex==0.1.87
    # via optax
click==8.1.7
    # via black
    # via tensorflow-datasets
    # via wandb
contourpy==1.3.1
    # via matplotlib
cycler==0.12.1
    # via matplotlib
dm-tree==0.1.8
    # via tensorflow-datasets
docker-pycreds==0.4.0
    # via wandb
docstring-parser==0.16
    # via simple-parsing
einops==0.8.0
    # via augmax
    # via cobra
etils==1.10.0
    # via array-record
    # via optax
    # via orbax-checkpoint
    # via tensorflow-datasets
filelock==3.13.1
    # via torch
flatbuffers==24.3.25
    # via tensorflow-cpu
flax==0.10.2
    # via cobra
fonttools==4.55.0
    # via matplotlib
fsspec==2024.2.0
    # via etils
    # via torch
gast==0.6.0
    # via tensorflow-cpu
gitdb==4.0.11
    # via gitpython
gitpython==3.1.43
    # via wandb
google-pasta==0.2.0
    # via tensorflow-cpu
googleapis-common-protos==1.66.0
    # via tensorflow-metadata
grpcio==1.68.0
    # via tensorboard
    # via tensorflow-cpu
h5py==3.12.1
    # via keras
    # via tensorflow-cpu
humanize==4.11.0
    # via orbax-checkpoint
idna==3.4
    # via requests
imageio==2.36.0
    # via scikit-image
immutabledict==4.2.1
    # via tensorflow-datasets
importlib-resources==6.4.5
    # via etils
jax==0.4.35
    # via augmax
    # via chex
    # via cobra
    # via flax
    # via optax
    # via orbax-checkpoint
jax-cuda12-pjrt==0.4.35
    # via jax-cuda12-plugin
jax-cuda12-plugin==0.4.35
    # via jax
jaxlib==0.4.34
    # via chex
    # via jax
    # via optax
jinja2==3.1.3
    # via torch
keras==3.6.0
    # via tensorflow-cpu
kiwisolver==1.4.7
    # via matplotlib
lazy-loader==0.4
    # via scikit-image
libclang==18.1.1
    # via tensorflow-cpu
markdown==3.7
    # via tensorboard
markdown-it-py==3.0.0
    # via rich
markupsafe==2.1.5
    # via jinja2
    # via werkzeug
matplotlib==3.9.2
    # via cobra
mdurl==0.1.2
    # via markdown-it-py
ml-dtypes==0.4.1
    # via jax
    # via jaxlib
    # via keras
    # via tensorflow-cpu
    # via tensorstore
mpmath==1.3.0
    # via sympy
msgpack==1.1.0
    # via flax
    # via orbax-checkpoint
mypy-extensions==1.0.0
    # via black
    # via typing-inspect
namex==0.0.8
    # via keras
nest-asyncio==1.6.0
    # via orbax-checkpoint
networkx==3.2.1
    # via scikit-image
    # via torch
numpy==1.26.3
    # via augmax
    # via chex
    # via cobra
    # via contourpy
    # via etils
    # via flax
    # via h5py
    # via imageio
    # via jax
    # via jaxlib
    # via keras
    # via matplotlib
    # via ml-dtypes
    # via optax
    # via orbax-checkpoint
    # via scikit-image
    # via scipy
    # via tensorboard
    # via tensorflow-cpu
    # via tensorflow-datasets
    # via tensorstore
    # via tifffile
nvidia-cublas-cu12==12.6.4.1
    # via jax-cuda12-plugin
    # via nvidia-cudnn-cu12
    # via nvidia-cusolver-cu12
nvidia-cuda-cupti-cu12==12.6.80
    # via jax-cuda12-plugin
nvidia-cuda-nvcc-cu12==12.6.85
    # via jax-cuda12-plugin
nvidia-cuda-runtime-cu12==12.6.77
    # via jax-cuda12-plugin
nvidia-cudnn-cu12==9.5.1.17
    # via jax-cuda12-plugin
nvidia-cufft-cu12==11.3.0.4
    # via jax-cuda12-plugin
nvidia-cusolver-cu12==11.7.1.2
    # via jax-cuda12-plugin
nvidia-cusparse-cu12==12.5.4.2
    # via jax-cuda12-plugin
    # via nvidia-cusolver-cu12
nvidia-nccl-cu12==2.22.3
    # via jax-cuda12-plugin
nvidia-nvjitlink-cu12==12.6.85
    # via jax-cuda12-plugin
    # via nvidia-cufft-cu12
    # via nvidia-cusolver-cu12
    # via nvidia-cusparse-cu12
opt-einsum==3.4.0
    # via jax
    # via tensorflow-cpu
optax==0.2.4
    # via cobra
    # via flax
optree==0.13.1
    # via keras
orbax-checkpoint==0.10.1
    # via flax
packaging==24.1
    # via black
    # via keras
    # via lazy-loader
    # via matplotlib
    # via scikit-image
    # via tensorboard
    # via tensorflow-cpu
pathspec==0.12.1
    # via black
pillow==10.2.0
    # via cobra
    # via imageio
    # via matplotlib
    # via scikit-image
platformdirs==4.3.6
    # via black
    # via wandb
promise==2.3
    # via tensorflow-datasets
protobuf==5.28.3
    # via googleapis-common-protos
    # via orbax-checkpoint
    # via tensorboard
    # via tensorflow-cpu
    # via tensorflow-datasets
    # via tensorflow-metadata
    # via wandb
psutil==6.1.0
    # via tensorflow-datasets
    # via wandb
pyarrow==18.1.0
    # via tensorflow-datasets
pygments==2.18.0
    # via rich
pyparsing==3.2.0
    # via matplotlib
pyrallis==0.3.1
    # via cobra
python-dateutil==2.9.0.post0
    # via matplotlib
pyyaml==6.0.2
    # via cobra
    # via flax
    # via orbax-checkpoint
    # via pyrallis
    # via wandb
requests==2.28.1
    # via tensorflow-cpu
    # via tensorflow-datasets
    # via wandb
rich==13.9.4
    # via flax
    # via keras
scikit-image==0.24.0
    # via cobra
scipy==1.14.1
    # via jax
    # via jaxlib
    # via scikit-image
sentry-sdk==2.19.0
    # via wandb
setproctitle==1.3.4
    # via wandb
setuptools==70.0.0
    # via chex
    # via tensorboard
    # via tensorflow-cpu
    # via torch
    # via wandb
simple-parsing==0.1.6
    # via tensorflow-datasets
simplejson==3.19.3
    # via orbax-checkpoint
six==1.16.0
    # via astunparse
    # via docker-pycreds
    # via google-pasta
    # via promise
    # via python-dateutil
    # via tensorboard
    # via tensorflow-cpu
smmap==5.0.1
    # via gitdb
sympy==1.13.1
    # via torch
tensorboard==2.18.0
    # via tensorflow-cpu
tensorboard-data-server==0.7.2
    # via tensorboard
tensorflow-cpu==2.18.0
    # via cobra
tensorflow-datasets==4.9.7
    # via cobra
tensorflow-metadata==1.16.1
    # via tensorflow-datasets
tensorstore==0.1.69
    # via flax
    # via orbax-checkpoint
termcolor==2.5.0
    # via tensorflow-cpu
    # via tensorflow-datasets
tifffile==2024.9.20
    # via scikit-image
toml==0.10.2
    # via tensorflow-datasets
toolz==1.0.0
    # via chex
torch==2.4.0+cpu
    # via cobra
tqdm==4.66.5
    # via cobra
    # via etils
    # via tensorflow-datasets
typing-extensions==4.9.0
    # via chex
    # via etils
    # via flax
    # via optree
    # via orbax-checkpoint
    # via simple-parsing
    # via tensorflow-cpu
    # via torch
    # via typing-inspect
typing-inspect==0.9.0
    # via pyrallis
urllib3==1.26.13
    # via requests
    # via sentry-sdk
wandb==0.18.7
    # via cobra
werkzeug==3.1.3
    # via tensorboard
wheel==0.45.1
    # via astunparse
wrapt==1.17.0
    # via tensorflow-cpu
    # via tensorflow-datasets
zipp==3.21.0
    # via etils
